// !$*UTF8*$!
{
	archiveVersion = 1;
	classes = {
	};
	objectVersion = 46;
	objects = {

/* Begin PBXBuildFile section */
		83BE99B21B66131B00158F4D /* main.m in Sources */ = {isa = PBXBuildFile; fileRef = 83BE99B11B66131B00158F4D /* main.m */; };
		83BE99B51B66131B00158F4D /* AppDelegate.m in Sources */ = {isa = PBXBuildFile; fileRef = 83BE99B41B66131B00158F4D /* AppDelegate.m */; };
		83BE99BB1B66131B00158F4D /* Main.storyboard in Resources */ = {isa = PBXBuildFile; fileRef = 83BE99B91B66131B00158F4D /* Main.storyboard */; };
		83BE99BD1B66131B00158F4D /* Images.xcassets in Resources */ = {isa = PBXBuildFile; fileRef = 83BE99BC1B66131B00158F4D /* Images.xcassets */; };
		83BE99C01B66131B00158F4D /* LaunchScreen.xib in Resources */ = {isa = PBXBuildFile; fileRef = 83BE99BE1B66131B00158F4D /* LaunchScreen.xib */; };
		83BE99CC1B66131B00158F4D /* RadioStreamerSampleTests.m in Sources */ = {isa = PBXBuildFile; fileRef = 83BE99CB1B66131B00158F4D /* RadioStreamerSampleTests.m */; };
		83BE99DC1B6613B600158F4D /* AudioStreamer.m in Sources */ = {isa = PBXBuildFile; fileRef = 83BE99D71B6613B600158F4D /* AudioStreamer.m */; };
		83BE99DD1B6613B600158F4D /* iPhoneStreamingPlayerAppDelegate.m in Sources */ = {isa = PBXBuildFile; fileRef = 83BE99D91B6613B600158F4D /* iPhoneStreamingPlayerAppDelegate.m */; };
		83BE99DE1B6613B600158F4D /* iPhoneStreamingPlayerViewController.m in Sources */ = {isa = PBXBuildFile; fileRef = 83BE99DB1B6613B600158F4D /* iPhoneStreamingPlayerViewController.m */; };
		83BE99E11B66190600158F4D /* playbutton.png in Resources */ = {isa = PBXBuildFile; fileRef = 83BE99DF1B66190600158F4D /* playbutton.png */; };
		83BE99E21B66190600158F4D /* stopbutton.png in Resources */ = {isa = PBXBuildFile; fileRef = 83BE99E01B66190600158F4D /* stopbutton.png */; };
		83BE99E41B661C4E00158F4D /* loadingbutton.png in Resources */ = {isa = PBXBuildFile; fileRef = 83BE99E31B661C4E00158F4D /* loadingbutton.png */; };
/* End PBXBuildFile section */

/* Begin PBXContainerItemProxy section */
		83BE99C61B66131B00158F4D /* PBXContainerItemProxy */ = {
			isa = PBXContainerItemProxy;
			containerPortal = 83BE99A41B66131B00158F4D /* Project object */;
			proxyType = 1;
			remoteGlobalIDString = 83BE99AB1B66131B00158F4D;
			remoteInfo = RadioStreamerSample;
		};
/* End PBXContainerItemProxy section */

/* Begin PBXFileReference section */
		83BE99AC1B66131B00158F4D /* RadioStreamerSample.app */ = {isa = PBXFileReference; explicitFileType = wrapper.application; includeInIndex = 0; path = RadioStreamerSample.app; sourceTree = BUILT_PRODUCTS_DIR; };
		83BE99B01B66131B00158F4D /* Info.plist */ = {isa = PBXFileReference; lastKnownFileType = text.plist.xml; path = Info.plist; sourceTree = "<group>"; };
		83BE99B11B66131B00158F4D /* main.m */ = {isa = PBXFileReference; lastKnownFileType = sourcecode.c.objc; path = main.m; sourceTree = "<group>"; };
		83BE99B31B66131B00158F4D /* AppDelegate.h */ = {isa = PBXFileReference; lastKnownFileType = sourcecode.c.h; path = AppDelegate.h; sourceTree = "<group>"; };
		83BE99B41B66131B00158F4D /* AppDelegate.m */ = {isa = PBXFileReference; lastKnownFileType = sourcecode.c.objc; path = AppDelegate.m; sourceTree = "<group>"; };
		83BE99BA1B66131B00158F4D /* Base */ = {isa = PBXFileReference; lastKnownFileType = file.storyboard; name = Base; path = Base.lproj/Main.storyboard; sourceTree = "<group>"; };
		83BE99BC1B66131B00158F4D /* Images.xcassets */ = {isa = PBXFileReference; lastKnownFileType = folder.assetcatalog; path = Images.xcassets; sourceTree = "<group>"; };
		83BE99BF1B66131B00158F4D /* Base */ = {isa = PBXFileReference; lastKnownFileType = file.xib; name = Base; path = Base.lproj/LaunchScreen.xib; sourceTree = "<group>"; };
		83BE99C51B66131B00158F4D /* RadioStreamerSampleTests.xctest */ = {isa = PBXFileReference; explicitFileType = wrapper.cfbundle; includeInIndex = 0; path = RadioStreamerSampleTests.xctest; sourceTree = BUILT_PRODUCTS_DIR; };
		83BE99CA1B66131B00158F4D /* Info.plist */ = {isa = PBXFileReference; lastKnownFileType = text.plist.xml; path = Info.plist; sourceTree = "<group>"; };
		83BE99CB1B66131B00158F4D /* RadioStreamerSampleTests.m */ = {isa = PBXFileReference; lastKnownFileType = sourcecode.c.objc; path = RadioStreamerSampleTests.m; sourceTree = "<group>"; };
		83BE99D61B6613B600158F4D /* AudioStreamer.h */ = {isa = PBXFileReference; fileEncoding = 4; lastKnownFileType = sourcecode.c.h; name = AudioStreamer.h; path = AudioStreamerClasses/AudioStreamer.h; sourceTree = "<group>"; };
		83BE99D71B6613B600158F4D /* AudioStreamer.m */ = {isa = PBXFileReference; fileEncoding = 4; lastKnownFileType = sourcecode.c.objc; name = AudioStreamer.m; path = AudioStreamerClasses/AudioStreamer.m; sourceTree = "<group>"; };
		83BE99D81B6613B600158F4D /* iPhoneStreamingPlayerAppDelegate.h */ = {isa = PBXFileReference; fileEncoding = 4; lastKnownFileType = sourcecode.c.h; name = iPhoneStreamingPlayerAppDelegate.h; path = AudioStreamerClasses/iPhoneStreamingPlayerAppDelegate.h; sourceTree = "<group>"; };
		83BE99D91B6613B600158F4D /* iPhoneStreamingPlayerAppDelegate.m */ = {isa = PBXFileReference; fileEncoding = 4; lastKnownFileType = sourcecode.c.objc; name = iPhoneStreamingPlayerAppDelegate.m; path = AudioStreamerClasses/iPhoneStreamingPlayerAppDelegate.m; sourceTree = "<group>"; };
		83BE99DA1B6613B600158F4D /* iPhoneStreamingPlayerViewController.h */ = {isa = PBXFileReference; fileEncoding = 4; lastKnownFileType = sourcecode.c.h; name = iPhoneStreamingPlayerViewController.h; path = AudioStreamerClasses/iPhoneStreamingPlayerViewController.h; sourceTree = "<group>"; };
		83BE99DB1B6613B600158F4D /* iPhoneStreamingPlayerViewController.m */ = {isa = PBXFileReference; fileEncoding = 4; lastKnownFileType = sourcecode.c.objc; name = iPhoneStreamingPlayerViewController.m; path = AudioStreamerClasses/iPhoneStreamingPlayerViewController.m; sourceTree = "<group>"; };
		83BE99DF1B66190600158F4D /* playbutton.png */ = {isa = PBXFileReference; lastKnownFileType = image.png; path = playbutton.png; sourceTree = "<group>"; };
		83BE99E01B66190600158F4D /* stopbutton.png */ = {isa = PBXFileReference; lastKnownFileType = image.png; path = stopbutton.png; sourceTree = "<group>"; };
		83BE99E31B661C4E00158F4D /* loadingbutton.png */ = {isa = PBXFileReference; lastKnownFileType = image.png; path = loadingbutton.png; sourceTree = "<group>"; };
/* End PBXFileReference section */

/* Begin PBXFrameworksBuildPhase section */
		83BE99A91B66131B00158F4D /* Frameworks */ = {
			isa = PBXFrameworksBuildPhase;
			buildActionMask = 2147483647;
			files = (
			);
			runOnlyForDeploymentPostprocessing = 0;
		};
		83BE99C21B66131B00158F4D /* Frameworks */ = {
			isa = PBXFrameworksBuildPhase;
			buildActionMask = 2147483647;
			files = (
			);
			runOnlyForDeploymentPostprocessing = 0;
		};
/* End PBXFrameworksBuildPhase section */

/* Begin PBXGroup section */
		83BE99A31B66131B00158F4D = {
			isa = PBXGroup;
			children = (
				83BE99AE1B66131B00158F4D /* RadioStreamerSample */,
				83BE99C81B66131B00158F4D /* RadioStreamerSampleTests */,
				83BE99AD1B66131B00158F4D /* Products */,
			);
			sourceTree = "<group>";
		};
		83BE99AD1B66131B00158F4D /* Products */ = {
			isa = PBXGroup;
			children = (
				83BE99AC1B66131B00158F4D /* RadioStreamerSample.app */,
				83BE99C51B66131B00158F4D /* RadioStreamerSampleTests.xctest */,
			);
			name = Products;
			sourceTree = "<group>";
		};
		83BE99AE1B66131B00158F4D /* RadioStreamerSample */ = {
			isa = PBXGroup;
			children = (
				83BE99E31B661C4E00158F4D /* loadingbutton.png */,
				83BE99DF1B66190600158F4D /* playbutton.png */,
				83BE99E01B66190600158F4D /* stopbutton.png */,
				83BE99D51B66136100158F4D /* AudioStreamerClasses */,
				83BE99B31B66131B00158F4D /* AppDelegate.h */,
				83BE99B41B66131B00158F4D /* AppDelegate.m */,
				83BE99B91B66131B00158F4D /* Main.storyboard */,
				83BE99BC1B66131B00158F4D /* Images.xcassets */,
				83BE99BE1B66131B00158F4D /* LaunchScreen.xib */,
				83BE99AF1B66131B00158F4D /* Supporting Files */,
			);
			path = RadioStreamerSample;
			sourceTree = "<group>";
		};
		83BE99AF1B66131B00158F4D /* Supporting Files */ = {
			isa = PBXGroup;
			children = (
				83BE99B01B66131B00158F4D /* Info.plist */,
				83BE99B11B66131B00158F4D /* main.m */,
			);
			name = "Supporting Files";
			sourceTree = "<group>";
		};
		83BE99C81B66131B00158F4D /* RadioStreamerSampleTests */ = {
			isa = PBXGroup;
			children = (
				83BE99CB1B66131B00158F4D /* RadioStreamerSampleTests.m */,
				83BE99C91B66131B00158F4D /* Supporting Files */,
			);
			path = RadioStreamerSampleTests;
			sourceTree = "<group>";
		};
		83BE99C91B66131B00158F4D /* Supporting Files */ = {
			isa = PBXGroup;
			children = (
				83BE99CA1B66131B00158F4D /* Info.plist */,
			);
			name = "Supporting Files";
			sourceTree = "<group>";
		};
		83BE99D51B66136100158F4D /* AudioStreamerClasses */ = {
			isa = PBXGroup;
			children = (
				83BE99D61B6613B600158F4D /* AudioStreamer.h */,
				83BE99D71B6613B600158F4D /* AudioStreamer.m */,
				83BE99D81B6613B600158F4D /* iPhoneStreamingPlayerAppDelegate.h */,
				83BE99D91B6613B600158F4D /* iPhoneStreamingPlayerAppDelegate.m */,
				83BE99DA1B6613B600158F4D /* iPhoneStreamingPlayerViewController.h */,
				83BE99DB1B6613B600158F4D /* iPhoneStreamingPlayerViewController.m */,
			);
			name = AudioStreamerClasses;
			sourceTree = "<group>";
		};
/* End PBXGroup section */

/* Begin PBXNativeTarget section */
		83BE99AB1B66131B00158F4D /* RadioStreamerSample */ = {
			isa = PBXNativeTarget;
			buildConfigurationList = 83BE99CF1B66131B00158F4D /* Build configuration list for PBXNativeTarget "RadioStreamerSample" */;
			buildPhases = (
				83BE99A81B66131B00158F4D /* Sources */,
				83BE99A91B66131B00158F4D /* Frameworks */,
				83BE99AA1B66131B00158F4D /* Resources */,
			);
			buildRules = (
			);
			dependencies = (
			);
			name = RadioStreamerSample;
			productName = RadioStreamerSample;
			productReference = 83BE99AC1B66131B00158F4D /* RadioStreamerSample.app */;
			productType = "com.apple.product-type.application";
		};
		83BE99C41B66131B00158F4D /* RadioStreamerSampleTests */ = {
			isa = PBXNativeTarget;
			buildConfigurationList = 83BE99D21B66131B00158F4D /* Build configuration list for PBXNativeTarget "RadioStreamerSampleTests" */;
			buildPhases = (
				83BE99C11B66131B00158F4D /* Sources */,
				83BE99C21B66131B00158F4D /* Frameworks */,
				83BE99C31B66131B00158F4D /* Resources */,
			);
			buildRules = (
			);
			dependencies = (
				83BE99C71B66131B00158F4D /* PBXTargetDependency */,
			);
			name = RadioStreamerSampleTests;
			productName = RadioStreamerSampleTests;
			productReference = 83BE99C51B66131B00158F4D /* RadioStreamerSampleTests.xctest */;
			productType = "com.apple.product-type.bundle.unit-test";
		};
/* End PBXNativeTarget section */

/* Begin PBXProject section */
		83BE99A41B66131B00158F4D /* Project object */ = {
			isa = PBXProject;
			attributes = {
				LastUpgradeCheck = 0640;
				ORGANIZATIONNAME = "Rambod Rahmani";
				TargetAttributes = {
					83BE99AB1B66131B00158F4D = {
						CreatedOnToolsVersion = 6.4;
					};
					83BE99C41B66131B00158F4D = {
						CreatedOnToolsVersion = 6.4;
						TestTargetID = 83BE99AB1B66131B00158F4D;
					};
				};
			};
			buildConfigurationList = 83BE99A71B66131B00158F4D /* Build configuration list for PBXProject "RadioStreamerSample" */;
			compatibilityVersion = "Xcode 3.2";
			developmentRegion = English;
			hasScannedForEncodings = 0;
			knownRegions = (
				en,
				Base,
			);
			mainGroup = 83BE99A31B66131B00158F4D;
			productRefGroup = 83BE99AD1B66131B00158F4D /* Products */;
			projectDirPath = "";
			projectRoot = "";
			targets = (
				83BE99AB1B66131B00158F4D /* RadioStreamerSample */,
				83BE99C41B66131B00158F4D /* RadioStreamerSampleTests */,
			);
		};
/* End PBXProject section */

/* Begin PBXResourcesBuildPhase section */
		83BE99AA1B66131B00158F4D /* Resources */ = {
			isa = PBXResourcesBuildPhase;
			buildActionMask = 2147483647;
			files = (
				83BE99BB1B66131B00158F4D /* Main.storyboard in Resources */,
				83BE99C01B66131B00158F4D /* LaunchScreen.xib in Resources */,
				83BE99E41B661C4E00158F4D /* loadingbutton.png in Resources */,
				83BE99E21B66190600158F4D /* stopbutton.png in Resources */,
				83BE99BD1B66131B00158F4D /* Images.xcassets in Resources */,
				83BE99E11B66190600158F4D /* playbutton.png in Resources */,
			);
			runOnlyForDeploymentPostprocessing = 0;
		};
		83BE99C31B66131B00158F4D /* Resources */ = {
			isa = PBXResourcesBuildPhase;
			buildActionMask = 2147483647;
			files = (
			);
			runOnlyForDeploymentPostprocessing = 0;
		};
/* End PBXResourcesBuildPhase section */

/* Begin PBXSourcesBuildPhase section */
		83BE99A81B66131B00158F4D /* Sources */ = {
			isa = PBXSourcesBuildPhase;
			buildActionMask = 2147483647;
			files = (
				83BE99B51B66131B00158F4D /* AppDelegate.m in Sources */,
				83BE99DD1B6613B600158F4D /* iPhoneStreamingPlayerAppDelegate.m in Sources */,
				83BE99B21B66131B00158F4D /* main.m in Sources */,
				83BE99DC1B6613B600158F4D /* AudioStreamer.m in Sources */,
				83BE99DE1B6613B600158F4D /* iPhoneStreamingPlayerViewController.m in Sources */,
			);
			runOnlyForDeploymentPostprocessing = 0;
		};
		83BE99C11B66131B00158F4D /* Sources */ = {
			isa = PBXSourcesBuildPhase;
			buildActionMask = 2147483647;
			files = (
				83BE99CC1B66131B00158F4D /* RadioStreamerSampleTests.m in Sources */,
			);
			runOnlyForDeploymentPostprocessing = 0;
		};
/* End PBXSourcesBuildPhase section */

/* Begin PBXTargetDependency section */
		83BE99C71B66131B00158F4D /* PBXTargetDependency */ = {
			isa = PBXTargetDependency;
			target = 83BE99AB1B66131B00158F4D /* RadioStreamerSample */;
			targetProxy = 83BE99C61B66131B00158F4D /* PBXContainerItemProxy */;
		};
/* End PBXTargetDependency section */

/* Begin PBXVariantGroup section */
		83BE99B91B66131B00158F4D /* Main.storyboard */ = {
			isa = PBXVariantGroup;
			children = (
				83BE99BA1B66131B00158F4D /* Base */,
			);
			name = Main.storyboard;
			sourceTree = "<group>";
		};
		83BE99BE1B66131B00158F4D /* LaunchScreen.xib */ = {
			isa = PBXVariantGroup;
			children = (
				83BE99BF1B66131B00158F4D /* Base */,
			);
			name = LaunchScreen.xib;
			sourceTree = "<group>";
		};
/* End PBXVariantGroup section */

/* Begin XCBuildConfiguration section */
		83BE99CD1B66131B00158F4D /* Debug */ = {
			isa = XCBuildConfiguration;
			buildSettings = {
				ALWAYS_SEARCH_USER_PATHS = NO;
				CLANG_CXX_LANGUAGE_STANDARD = "gnu++0x";
				CLANG_CXX_LIBRARY = "libc++";
				CLANG_ENABLE_MODULES = YES;
				CLANG_ENABLE_OBJC_ARC = YES;
				CLANG_WARN_BOOL_CONVERSION = YES;
				CLANG_WARN_CONSTANT_CONVERSION = YES;
				CLANG_WARN_DIRECT_OBJC_ISA_USAGE = YES_ERROR;
				CLANG_WARN_EMPTY_BODY = YES;
				CLANG_WARN_ENUM_CONVERSION = YES;
				CLANG_WARN_INT_CONVERSION = YES;
				CLANG_WARN_OBJC_ROOT_CLASS = YES_ERROR;
				CLANG_WARN_UNREACHABLE_CODE = YES;
				CLANG_WARN__DUPLICATE_METHOD_MATCH = YES;
				"CODE_SIGN_IDENTITY[sdk=iphoneos*]" = "iPhone Developer";
				COPY_PHASE_STRIP = NO;
				DEBUG_INFORMATION_FORMAT = "dwarf-with-dsym";
				ENABLE_STRICT_OBJC_MSGSEND = YES;
				GCC_C_LANGUAGE_STANDARD = gnu99;
				GCC_DYNAMIC_NO_PIC = NO;
				GCC_NO_COMMON_BLOCKS = YES;
				GCC_OPTIMIZATION_LEVEL = 0;
				GCC_PREPROCESSOR_DEFINITIONS = (
					"DEBUG=1",
					"$(inherited)",
				);
				GCC_SYMBOLS_PRIVATE_EXTERN = NO;
				GCC_WARN_64_TO_32_BIT_CONVERSION = YES;
				GCC_WARN_ABOUT_RETURN_TYPE = YES_ERROR;
				GCC_WARN_UNDECLARED_SELECTOR = YES;
				GCC_WARN_UNINITIALIZED_AUTOS = YES_AGGRESSIVE;
				GCC_WARN_UNUSED_FUNCTION = YES;
				GCC_WARN_UNUSED_VARIABLE = YES;
				IPHONEOS_DEPLOYMENT_TARGET = 8.4;
				MTL_ENABLE_DEBUG_INFO = YES;
				ONLY_ACTIVE_ARCH = YES;
				SDKROOT = iphoneos;
				TARGETED_DEVICE_FAMILY = "1,2";
			};
			name = Debug;
		};
		83BE99CE1B66131B00158F4D /* Release */ = {
			isa = XCBuildConfiguration;
			buildSettings = {
				ALWAYS_SEARCH_USER_PATHS = NO;
				CLANG_CXX_LANGUAGE_STANDARD = "gnu++0x";
				CLANG_CXX_LIBRARY = "libc++";
				CLANG_ENABLE_MODULES = YES;
				CLANG_ENABLE_OBJC_ARC = YES;
				CLANG_WARN_BOOL_CONVERSION = YES;
				CLANG_WARN_CONSTANT_CONVERSION = YES;
				CLANG_WARN_DIRECT_OBJC_ISA_USAGE = YES_ERROR;
				CLANG_WARN_EMPTY_BODY = YES;
				CLANG_WARN_ENUM_CONVERSION = YES;
				CLANG_WARN_INT_CONVERSION = YES;
				CLANG_WARN_OBJC_ROOT_CLASS = YES_ERROR;
				CLANG_WARN_UNREACHABLE_CODE = YES;
				CLANG_WARN__DUPLICATE_METHOD_MATCH = YES;
				"CODE_SIGN_IDENTITY[sdk=iphoneos*]" = "iPhone Developer";
				COPY_PHASE_STRIP = NO;
				DEBUG_INFORMATION_FORMAT = "dwarf-with-dsym";
				ENABLE_NS_ASSERTIONS = NO;
				ENABLE_STRICT_OBJC_MSGSEND = YES;
				GCC_C_LANGUAGE_STANDARD = gnu99;
				GCC_NO_COMMON_BLOCKS = YES;
				GCC_WARN_64_TO_32_BIT_CONVERSION = YES;
				GCC_WARN_ABOUT_RETURN_TYPE = YES_ERROR;
				GCC_WARN_UNDECLARED_SELECTOR = YES;
				GCC_WARN_UNINITIALIZED_AUTOS = YES_AGGRESSIVE;
				GCC_WARN_UNUSED_FUNCTION = YES;
				GCC_WARN_UNUSED_VARIABLE = YES;
				IPHONEOS_DEPLOYMENT_TARGET = 8.4;
				MTL_ENABLE_DEBUG_INFO = NO;
				SDKROOT = iphoneos;
				TARGETED_DEVICE_FAMILY = "1,2";
				VALIDATE_PRODUCT = YES;
			};
			name = Release;
		};
		83BE99D01B66131B00158F4D /* Debug */ = {
			isa = XCBuildConfiguration;
			buildSettings = {
				ASSETCATALOG_COMPILER_APPICON_NAME = AppIcon;
				INFOPLIST_FILE = RadioStreamerSample/Info.plist;
				LD_RUNPATH_SEARCH_PATHS = "$(inherited) @executable_path/Frameworks";
				PRODUCT_NAME = "$(TARGET_NAME)";
			};
			name = Debug;
		};
		83BE99D11B66131B00158F4D /* Release */ = {
			isa = XCBuildConfiguration;
			buildSettings = {
				ASSETCATALOG_COMPILER_APPICON_NAME = AppIcon;
				INFOPLIST_FILE = RadioStreamerSample/Info.plist;
				LD_RUNPATH_SEARCH_PATHS = "$(inherited) @executable_path/Frameworks";
				PRODUCT_NAME = "$(TARGET_NAME)";
			};
			name = Release;
		};
		83BE99D31B66131B00158F4D /* Debug */ = {
			isa = XCBuildConfiguration;
			buildSettings = {
				BUNDLE_LOADER = "$(TEST_HOST)";
				FRAMEWORK_SEARCH_PATHS = (
					"$(SDKROOT)/Developer/Library/Frameworks",
					"$(inherited)",
				);
				GCC_PREPROCESSOR_DEFINITIONS = (
					"DEBUG=1",
					"$(inherited)",
				);
				INFOPLIST_FILE = RadioStreamerSampleTests/Info.plist;
				LD_RUNPATH_SEARCH_PATHS = "$(inherited) @executable_path/Frameworks @loader_path/Frameworks";
				PRODUCT_NAME = "$(TARGET_NAME)";
				TEST_HOST = "$(BUILT_PRODUCTS_DIR)/RadioStreamerSample.app/RadioStreamerSample";
			};
			name = Debug;
		};
		83BE99D41B66131B00158F4D /* Release */ = {
			isa = XCBuildConfiguration;
			buildSettings = {
				BUNDLE_LOADER = "$(TEST_HOST)";
				FRAMEWORK_SEARCH_PATHS = (
					"$(SDKROOT)/Developer/Library/Frameworks",
					"$(inherited)",
				);
				INFOPLIST_FILE = RadioStreamerSampleTests/Info.plist;
				LD_RUNPATH_SEARCH_PATHS = "$(inherited) @executable_path/Frameworks @loader_path/Frameworks";
				PRODUCT_NAME = "$(TARGET_NAME)";
				TEST_HOST = "$(BUILT_PRODUCTS_DIR)/RadioStreamerSample.app/RadioStreamerSample";
			};
			name = Release;
		};
/* End XCBuildConfiguration section */

/* Begin XCConfigurationList section */
		83BE99A71B66131B00158F4D /* Build configuration list for PBXProject "RadioStreamerSample" */ = {
			isa = XCConfigurationList;
			buildConfigurations = (
				83BE99CD1B66131B00158F4D /* Debug */,
				83BE99CE1B66131B00158F4D /* Release */,
			);
			defaultConfigurationIsVisible = 0;
			defaultConfigurationName = Release;
		};
		83BE99CF1B66131B00158F4D /* Build configuration list for PBXNativeTarget "RadioStreamerSample" */ = {
			isa = XCConfigurationList;
			buildConfigurations = (
				83BE99D01B66131B00158F4D /* Debug */,
				83BE99D11B66131B00158F4D /* Release */,
			);
			defaultConfigurationIsVisible = 0;
			defaultConfigurationName = Release;
		};
		83BE99D21B66131B00158F4D /* Build configuration list for PBXNativeTarget "RadioStreamerSampleTests" */ = {
			isa = XCConfigurationList;
			buildConfigurations = (
				83BE99D31B66131B00158F4D /* Debug */,
				83BE99D41B66131B00158F4D /* Release */,
			);
			defaultConfigurationIsVisible = 0;
			defaultConfigurationName = Release;
		};
/* End XCConfigurationList section */
	};
	rootObject = 83BE99A41B66131B00158F4D /* Project object */;
}
